
Microsoft Visual Studio Solution File, Format Version 12.00
# Visual Studio Version 17
VisualStudioVersion = 17.3.32929.385
MinimumVisualStudioVersion = 10.0.40219.1
Project("{FAE04EC0-301F-11D3-BF4B-00C04F79EFBC}") = "LibAjedrez", "LibAjedrez\LibAjedrez.csproj", "{75663E86-9159-4239-A95D-277902D7B91C}"
EndProject
Global
	GlobalSection(SolutionConfigurationPlatforms) = preSolution
		Debug|Any CPU = Debug|Any CPU
		Release|Any CPU = Release|Any CPU
	EndGlobalSection
	GlobalSection(ProjectConfigurationPlatforms) = postSolution
		{75663E86-9159-4239-A95D-277902D7B91C}.Debug|Any CPU.ActiveCfg = Debug|Any CPU
		{75663E86-9159-4239-A95D-277902D7B91C}.Debug|Any CPU.Build.0 = Debug|Any CPU
		{75663E86-9159-4239-A95D-277902D7B91C}.Release|Any CPU.ActiveCfg = Release|Any CPU
		{75663E86-9159-4239-A95D-277902D7B91C}.Release|Any CPU.Build.0 = Release|Any CPU
	EndGlobalSection
	GlobalSection(SolutionProperties) = preSolution
		HideSolutionNode = FALSE
	EndGlobalSection
	GlobalSection(ExtensibilityGlobals) = postSolution
		SolutionGuid = {3A52DB2A-D189-4129-8DA8-3F238B4C0024}
	EndGlobalSection
EndGlobal
